// !$*UTF8*$!
{
	archiveVersion = 1;
	classes = {
	};
	objectVersion = 56;
	objects = {

/* Begin PBXBuildFile section */
		6FD80B032A14EE6600C50510 /* AspasTaskApp.swift in Sources */ = {isa = PBXBuildFile; fileRef = 6FD80B022A14EE6600C50510 /* AspasTaskApp.swift */; };
		6FD80B072A14EE6700C50510 /* Assets.xcassets in Resources */ = {isa = PBXBuildFile; fileRef = 6FD80B062A14EE6700C50510 /* Assets.xcassets */; };
		6FD80B0A2A14EE6700C50510 /* Preview Assets.xcassets in Resources */ = {isa = PBXBuildFile; fileRef = 6FD80B092A14EE6700C50510 /* Preview Assets.xcassets */; };
		6FD80B1F2A15348A00C50510 /* NumberView.swift in Sources */ = {isa = PBXBuildFile; fileRef = 6FD80B1E2A15348A00C50510 /* NumberView.swift */; };
		6FD80B212A15357D00C50510 /* NameView.swift in Sources */ = {isa = PBXBuildFile; fileRef = 6FD80B202A15357D00C50510 /* NameView.swift */; };
		6FD80B232A15D74E00C50510 /* ImageView.swift in Sources */ = {isa = PBXBuildFile; fileRef = 6FD80B222A15D74E00C50510 /* ImageView.swift */; };
		6FD80B252A15E27800C50510 /* ImagePicker.swift in Sources */ = {isa = PBXBuildFile; fileRef = 6FD80B242A15E27800C50510 /* ImagePicker.swift */; };
		6FD80B272A15ECA500C50510 /* Location.swift in Sources */ = {isa = PBXBuildFile; fileRef = 6FD80B262A15ECA500C50510 /* Location.swift */; };
		6FD80B382A162A8900C50510 /* UserData.xcdatamodeld in Sources */ = {isa = PBXBuildFile; fileRef = 6FD80B362A162A8900C50510 /* UserData.xcdatamodeld */; };
		6FD80B3A2A162AD800C50510 /* Persistence.swift in Sources */ = {isa = PBXBuildFile; fileRef = 6FD80B392A162AD800C50510 /* Persistence.swift */; };
		6FD80B3C2A162B2900C50510 /* UserViewModel.swift in Sources */ = {isa = PBXBuildFile; fileRef = 6FD80B3B2A162B2900C50510 /* UserViewModel.swift */; };
/* End PBXBuildFile section */

/* Begin PBXFileReference section */
		6FD80AFF2A14EE6600C50510 /* AspasTask.app */ = {isa = PBXFileReference; explicitFileType = wrapper.application; includeInIndex = 0; path = AspasTask.app; sourceTree = BUILT_PRODUCTS_DIR; };
		6FD80B022A14EE6600C50510 /* AspasTaskApp.swift */ = {isa = PBXFileReference; lastKnownFileType = sourcecode.swift; path = AspasTaskApp.swift; sourceTree = "<group>"; };
		6FD80B062A14EE6700C50510 /* Assets.xcassets */ = {isa = PBXFileReference; lastKnownFileType = folder.assetcatalog; path = Assets.xcassets; sourceTree = "<group>"; };
		6FD80B092A14EE6700C50510 /* Preview Assets.xcassets */ = {isa = PBXFileReference; lastKnownFileType = folder.assetcatalog; path = "Preview Assets.xcassets"; sourceTree = "<group>"; };
		6FD80B1E2A15348A00C50510 /* NumberView.swift */ = {isa = PBXFileReference; lastKnownFileType = sourcecode.swift; path = NumberView.swift; sourceTree = "<group>"; };
		6FD80B202A15357D00C50510 /* NameView.swift */ = {isa = PBXFileReference; lastKnownFileType = sourcecode.swift; path = NameView.swift; sourceTree = "<group>"; };
		6FD80B222A15D74E00C50510 /* ImageView.swift */ = {isa = PBXFileReference; lastKnownFileType = sourcecode.swift; path = ImageView.swift; sourceTree = "<group>"; };
		6FD80B242A15E27800C50510 /* ImagePicker.swift */ = {isa = PBXFileReference; lastKnownFileType = sourcecode.swift; path = ImagePicker.swift; sourceTree = "<group>"; };
		6FD80B262A15ECA500C50510 /* Location.swift */ = {isa = PBXFileReference; lastKnownFileType = sourcecode.swift; path = Location.swift; sourceTree = "<group>"; };
		6FD80B372A162A8900C50510 /* UserData.xcdatamodel */ = {isa = PBXFileReference; lastKnownFileType = wrapper.xcdatamodel; path = UserData.xcdatamodel; sourceTree = "<group>"; };
		6FD80B392A162AD800C50510 /* Persistence.swift */ = {isa = PBXFileReference; lastKnownFileType = sourcecode.swift; path = Persistence.swift; sourceTree = "<group>"; };
		6FD80B3B2A162B2900C50510 /* UserViewModel.swift */ = {isa = PBXFileReference; lastKnownFileType = sourcecode.swift; path = UserViewModel.swift; sourceTree = "<group>"; };
/* End PBXFileReference section */

/* Begin PBXFrameworksBuildPhase section */
		6FD80AFC2A14EE6600C50510 /* Frameworks */ = {
			isa = PBXFrameworksBuildPhase;
			buildActionMask = 2147483647;
			files = (
			);
			runOnlyForDeploymentPostprocessing = 0;
		};
/* End PBXFrameworksBuildPhase section */

/* Begin PBXGroup section */
		6FD80AF62A14EE6600C50510 = {
			isa = PBXGroup;
			children = (
				6FD80B012A14EE6600C50510 /* AspasTask */,
				6FD80B002A14EE6600C50510 /* Products */,
			);
			sourceTree = "<group>";
		};
		6FD80B002A14EE6600C50510 /* Products */ = {
			isa = PBXGroup;
			children = (
				6FD80AFF2A14EE6600C50510 /* AspasTask.app */,
			);
			name = Products;
			sourceTree = "<group>";
		};
		6FD80B012A14EE6600C50510 /* AspasTask */ = {
			isa = PBXGroup;
			children = (
				6FD80B022A14EE6600C50510 /* AspasTaskApp.swift */,
				6FD80B3E2A1635FF00C50510 /* ViewModels */,
				6FD80B3D2A1635F700C50510 /* Views */,
				6FD80B3F2A16360700C50510 /* Helpers */,
				6FD80B362A162A8900C50510 /* UserData.xcdatamodeld */,
				6FD80B062A14EE6700C50510 /* Assets.xcassets */,
				6FD80B082A14EE6700C50510 /* Preview Content */,
			);
			path = AspasTask;
			sourceTree = "<group>";
		};
		6FD80B082A14EE6700C50510 /* Preview Content */ = {
			isa = PBXGroup;
			children = (
				6FD80B092A14EE6700C50510 /* Preview Assets.xcassets */,
			);
			path = "Preview Content";
			sourceTree = "<group>";
		};
		6FD80B3D2A1635F700C50510 /* Views */ = {
			isa = PBXGroup;
			children = (
				6FD80B1E2A15348A00C50510 /* NumberView.swift */,
				6FD80B202A15357D00C50510 /* NameView.swift */,
				6FD80B222A15D74E00C50510 /* ImageView.swift */,
			);
			path = Views;
			sourceTree = "<group>";
		};
		6FD80B3E2A1635FF00C50510 /* ViewModels */ = {
			isa = PBXGroup;
			children = (
				6FD80B3B2A162B2900C50510 /* UserViewModel.swift */,
			);
			path = ViewModels;
			sourceTree = "<group>";
		};
		6FD80B3F2A16360700C50510 /* Helpers */ = {
			isa = PBXGroup;
			children = (
				6FD80B242A15E27800C50510 /* ImagePicker.swift */,
				6FD80B392A162AD800C50510 /* Persistence.swift */,
				6FD80B262A15ECA500C50510 /* Location.swift */,
			);
			path = Helpers;
			sourceTree = "<group>";
		};
/* End PBXGroup section */

/* Begin PBXNativeTarget section */
		6FD80AFE2A14EE6600C50510 /* AspasTask */ = {
			isa = PBXNativeTarget;
			buildConfigurationList = 6FD80B122A14EE6700C50510 /* Build configuration list for PBXNativeTarget "AspasTask" */;
			buildPhases = (
				6FD80AFB2A14EE6600C50510 /* Sources */,
				6FD80AFC2A14EE6600C50510 /* Frameworks */,
				6FD80AFD2A14EE6600C50510 /* Resources */,
			);
			buildRules = (
			);
			dependencies = (
			);
			name = AspasTask;
			packageProductDependencies = (
			);
			productName = AspasTask;
			productReference = 6FD80AFF2A14EE6600C50510 /* AspasTask.app */;
			productType = "com.apple.product-type.application";
		};
/* End PBXNativeTarget section */

/* Begin PBXProject section */
		6FD80AF72A14EE6600C50510 /* Project object */ = {
			isa = PBXProject;
			attributes = {
				BuildIndependentTargetsInParallel = 1;
				LastSwiftUpdateCheck = 1430;
				LastUpgradeCheck = 1430;
				TargetAttributes = {
					6FD80AFE2A14EE6600C50510 = {
						CreatedOnToolsVersion = 14.3;
					};
				};
			};
			buildConfigurationList = 6FD80AFA2A14EE6600C50510 /* Build configuration list for PBXProject "AspasTask" */;
			compatibilityVersion = "Xcode 14.0";
			developmentRegion = en;
			hasScannedForEncodings = 0;
			knownRegions = (
				en,
				Base,
			);
			mainGroup = 6FD80AF62A14EE6600C50510;
			packageReferences = (
			);
			productRefGroup = 6FD80B002A14EE6600C50510 /* Products */;
			projectDirPath = "";
			projectRoot = "";
			targets = (
				6FD80AFE2A14EE6600C50510 /* AspasTask */,
			);
		};
/* End PBXProject section */

/* Begin PBXResourcesBuildPhase section */
		6FD80AFD2A14EE6600C50510 /* Resources */ = {
			isa = PBXResourcesBuildPhase;
			buildActionMask = 2147483647;
			files = (
				6FD80B0A2A14EE6700C50510 /* Preview Assets.xcassets in Resources */,
				6FD80B072A14EE6700C50510 /* Assets.xcassets in Resources */,
			);
			runOnlyForDeploymentPostprocessing = 0;
		};
/* End PBXResourcesBuildPhase section */

/* Begin PBXSourcesBuildPhase section */
		6FD80AFB2A14EE6600C50510 /* Sources */ = {
			isa = PBXSourcesBuildPhase;
			buildActionMask = 2147483647;
			files = (
				6FD80B212A15357D00C50510 /* NameView.swift in Sources */,
				6FD80B3A2A162AD800C50510 /* Persistence.swift in Sources */,
				6FD80B272A15ECA500C50510 /* Location.swift in Sources */,
				6FD80B032A14EE6600C50510 /* AspasTaskApp.swift in Sources */,
				6FD80B252A15E27800C50510 /* ImagePicker.swift in Sources */,
				6FD80B232A15D74E00C50510 /* ImageView.swift in Sources */,
				6FD80B1F2A15348A00C50510 /* NumberView.swift in Sources */,
				6FD80B3C2A162B2900C50510 /* UserViewModel.swift in Sources */,
				6FD80B382A162A8900C50510 /* UserData.xcdatamodeld in Sources */,
			);
			runOnlyForDeploymentPostprocessing = 0;
		};
/* End PBXSourcesBuildPhase section */

/* Begin XCBuildConfiguration section */
		6FD80B102A14EE6700C50510 /* Debug */ = {
			isa = XCBuildConfiguration;
			buildSettings = {
				ALWAYS_SEARCH_USER_PATHS = NO;
				CLANG_ANALYZER_NONNULL = YES;
				CLANG_ANALYZER_NUMBER_OBJECT_CONVERSION = YES_AGGRESSIVE;
				CLANG_CXX_LANGUAGE_STANDARD = "gnu++20";
				CLANG_ENABLE_MODULES = YES;
				CLANG_ENABLE_OBJC_ARC = YES;
				CLANG_ENABLE_OBJC_WEAK = YES;
				CLANG_WARN_BLOCK_CAPTURE_AUTORELEASING = YES;
				CLANG_WARN_BOOL_CONVERSION = YES;
				CLANG_WARN_COMMA = YES;
				CLANG_WARN_CONSTANT_CONVERSION = YES;
				CLANG_WARN_DEPRECATED_OBJC_IMPLEMENTATIONS = YES;
				CLANG_WARN_DIRECT_OBJC_ISA_USAGE = YES_ERROR;
				CLANG_WARN_DOCUMENTATION_COMMENTS = YES;
				CLANG_WARN_EMPTY_BODY = YES;
				CLANG_WARN_ENUM_CONVERSION = YES;
				CLANG_WARN_INFINITE_RECURSION = YES;
				CLANG_WARN_INT_CONVERSION = YES;
				CLANG_WARN_NON_LITERAL_NULL_CONVERSION = YES;
				CLANG_WARN_OBJC_IMPLICIT_RETAIN_SELF = YES;
				CLANG_WARN_OBJC_LITERAL_CONVERSION = YES;
				CLANG_WARN_OBJC_ROOT_CLASS = YES_ERROR;
				CLANG_WARN_QUOTED_INCLUDE_IN_FRAMEWORK_HEADER = YES;
				CLANG_WARN_RANGE_LOOP_ANALYSIS = YES;
				CLANG_WARN_STRICT_PROTOTYPES = YES;
				CLANG_WARN_SUSPICIOUS_MOVE = YES;
				CLANG_WARN_UNGUARDED_AVAILABILITY = YES_AGGRESSIVE;
				CLANG_WARN_UNREACHABLE_CODE = YES;
				CLANG_WARN__DUPLICATE_METHOD_MATCH = YES;
				COPY_PHASE_STRIP = NO;
				DEBUG_INFORMATION_FORMAT = dwarf;
				ENABLE_STRICT_OBJC_MSGSEND = YES;
				ENABLE_TESTABILITY = YES;
				GCC_C_LANGUAGE_STANDARD = gnu11;
				GCC_DYNAMIC_NO_PIC = NO;
				GCC_NO_COMMON_BLOCKS = YES;
				GCC_OPTIMIZATION_LEVEL = 0;
				GCC_PREPROCESSOR_DEFINITIONS = (
					"DEBUG=1",
					"$(inherited)",
				);
				GCC_WARN_64_TO_32_BIT_CONVERSION = YES;
				GCC_WARN_ABOUT_RETURN_TYPE = YES_ERROR;
				GCC_WARN_UNDECLARED_SELECTOR = YES;
				GCC_WARN_UNINITIALIZED_AUTOS = YES_AGGRESSIVE;
				GCC_WARN_UNUSED_FUNCTION = YES;
				GCC_WARN_UNUSED_VARIABLE = YES;
				IPHONEOS_DEPLOYMENT_TARGET = 16.4;
				MTL_ENABLE_DEBUG_INFO = INCLUDE_SOURCE;
				MTL_FAST_MATH = YES;
				ONLY_ACTIVE_ARCH = YES;
				SDKROOT = iphoneos;
				SWIFT_ACTIVE_COMPILATION_CONDITIONS = DEBUG;
				SWIFT_OPTIMIZATION_LEVEL = "-Onone";
			};
			name = Debug;
		};
		6FD80B112A14EE6700C50510 /* Release */ = {
			isa = XCBuildConfiguration;
			buildSettings = {
				ALWAYS_SEARCH_USER_PATHS = NO;
				CLANG_ANALYZER_NONNULL = YES;
				CLANG_ANALYZER_NUMBER_OBJECT_CONVERSION = YES_AGGRESSIVE;
				CLANG_CXX_LANGUAGE_STANDARD = "gnu++20";
				CLANG_ENABLE_MODULES = YES;
				CLANG_ENABLE_OBJC_ARC = YES;
				CLANG_ENABLE_OBJC_WEAK = YES;
				CLANG_WARN_BLOCK_CAPTURE_AUTORELEASING = YES;
				CLANG_WARN_BOOL_CONVERSION = YES;
				CLANG_WARN_COMMA = YES;
				CLANG_WARN_CONSTANT_CONVERSION = YES;
				CLANG_WARN_DEPRECATED_OBJC_IMPLEMENTATIONS = YES;
				CLANG_WARN_DIRECT_OBJC_ISA_USAGE = YES_ERROR;
				CLANG_WARN_DOCUMENTATION_COMMENTS = YES;
				CLANG_WARN_EMPTY_BODY = YES;
				CLANG_WARN_ENUM_CONVERSION = YES;
				CLANG_WARN_INFINITE_RECURSION = YES;
				CLANG_WARN_INT_CONVERSION = YES;
				CLANG_WARN_NON_LITERAL_NULL_CONVERSION = YES;
				CLANG_WARN_OBJC_IMPLICIT_RETAIN_SELF = YES;
				CLANG_WARN_OBJC_LITERAL_CONVERSION = YES;
				CLANG_WARN_OBJC_ROOT_CLASS = YES_ERROR;
				CLANG_WARN_QUOTED_INCLUDE_IN_FRAMEWORK_HEADER = YES;
				CLANG_WARN_RANGE_LOOP_ANALYSIS = YES;
				CLANG_WARN_STRICT_PROTOTYPES = YES;
				CLANG_WARN_SUSPICIOUS_MOVE = YES;
				CLANG_WARN_UNGUARDED_AVAILABILITY = YES_AGGRESSIVE;
				CLANG_WARN_UNREACHABLE_CODE = YES;
				CLANG_WARN__DUPLICATE_METHOD_MATCH = YES;
				COPY_PHASE_STRIP = NO;
				DEBUG_INFORMATION_FORMAT = "dwarf-with-dsym";
				ENABLE_NS_ASSERTIONS = NO;
				ENABLE_STRICT_OBJC_MSGSEND = YES;
				GCC_C_LANGUAGE_STANDARD = gnu11;
				GCC_NO_COMMON_BLOCKS = YES;
				GCC_WARN_64_TO_32_BIT_CONVERSION = YES;
				GCC_WARN_ABOUT_RETURN_TYPE = YES_ERROR;
				GCC_WARN_UNDECLARED_SELECTOR = YES;
				GCC_WARN_UNINITIALIZED_AUTOS = YES_AGGRESSIVE;
				GCC_WARN_UNUSED_FUNCTION = YES;
				GCC_WARN_UNUSED_VARIABLE = YES;
				IPHONEOS_DEPLOYMENT_TARGET = 16.4;
				MTL_ENABLE_DEBUG_INFO = NO;
				MTL_FAST_MATH = YES;
				SDKROOT = iphoneos;
				SWIFT_COMPILATION_MODE = wholemodule;
				SWIFT_OPTIMIZATION_LEVEL = "-O";
				VALIDATE_PRODUCT = YES;
			};
			name = Release;
		};
		6FD80B132A14EE6700C50510 /* Debug */ = {
			isa = XCBuildConfiguration;
			buildSettings = {
				ASSETCATALOG_COMPILER_APPICON_NAME = AppIcon;
				ASSETCATALOG_COMPILER_GLOBAL_ACCENT_COLOR_NAME = AccentColor;
				CODE_SIGN_STYLE = Automatic;
				CURRENT_PROJECT_VERSION = 1;
				DEVELOPMENT_ASSET_PATHS = "\"AspasTask/Preview Content\"";
				DEVELOPMENT_TEAM = J323D7MYQ5;
				ENABLE_PREVIEWS = YES;
				GENERATE_INFOPLIST_FILE = YES;
				INFOPLIST_KEY_NSCameraUsageDescription = "You need to grant the app access to your camera in order to take photos";
				INFOPLIST_KEY_NSLocationWhenInUseUsageDescription = "App needs to access user location to find friends";
				INFOPLIST_KEY_NSPhotoLibraryUsageDescription = "You need to grant the app access to your photo library to pick user Images";
				INFOPLIST_KEY_UIApplicationSceneManifest_Generation = YES;
				INFOPLIST_KEY_UIApplicationSupportsIndirectInputEvents = YES;
				INFOPLIST_KEY_UILaunchScreen_Generation = YES;
				INFOPLIST_KEY_UISupportedInterfaceOrientations_iPad = "UIInterfaceOrientationPortrait UIInterfaceOrientationPortraitUpsideDown UIInterfaceOrientationLandscapeLeft UIInterfaceOrientationLandscapeRight";
				INFOPLIST_KEY_UISupportedInterfaceOrientations_iPhone = "UIInterfaceOrientationPortrait UIInterfaceOrientationLandscapeLeft UIInterfaceOrientationLandscapeRight";
				LD_RUNPATH_SEARCH_PATHS = (
					"$(inherited)",
					"@executable_path/Frameworks",
				);
				MARKETING_VERSION = 1.0;
				PRODUCT_BUNDLE_IDENTIFIER = site.ukeshsaravanan.AspasTask;
				PRODUCT_NAME = "$(TARGET_NAME)";
				SWIFT_EMIT_LOC_STRINGS = YES;
				SWIFT_VERSION = 5.0;
				TARGETED_DEVICE_FAMILY = "1,2";
			};
			name = Debug;
		};
		6FD80B142A14EE6700C50510 /* Release */ = {
			isa = XCBuildConfiguration;
			buildSettings = {
				ASSETCATALOG_COMPILER_APPICON_NAME = AppIcon;
				ASSETCATALOG_COMPILER_GLOBAL_ACCENT_COLOR_NAME = AccentColor;
				CODE_SIGN_STYLE = Automatic;
				CURRENT_PROJECT_VERSION = 1;
				DEVELOPMENT_ASSET_PATHS = "\"AspasTask/Preview Content\"";
				DEVELOPMENT_TEAM = J323D7MYQ5;
				ENABLE_PREVIEWS = YES;
				GENERATE_INFOPLIST_FILE = YES;
				INFOPLIST_KEY_NSCameraUsageDescription = "You need to grant the app access to your camera in order to take photos";
				INFOPLIST_KEY_NSLocationWhenInUseUsageDescription = "App needs to access user location to find friends";
				INFOPLIST_KEY_NSPhotoLibraryUsageDescription = "You need to grant the app access to your photo library to pick user Images";
				INFOPLIST_KEY_UIApplicationSceneManifest_Generation = YES;
				INFOPLIST_KEY_UIApplicationSupportsIndirectInputEvents = YES;
				INFOPLIST_KEY_UILaunchScreen_Generation = YES;
				INFOPLIST_KEY_UISupportedInterfaceOrientations_iPad = "UIInterfaceOrientationPortrait UIInterfaceOrientationPortraitUpsideDown UIInterfaceOrientationLandscapeLeft UIInterfaceOrientationLandscapeRight";
				INFOPLIST_KEY_UISupportedInterfaceOrientations_iPhone = "UIInterfaceOrientationPortrait UIInterfaceOrientationLandscapeLeft UIInterfaceOrientationLandscapeRight";
				LD_RUNPATH_SEARCH_PATHS = (
					"$(inherited)",
					"@executable_path/Frameworks",
				);
				MARKETING_VERSION = 1.0;
				PRODUCT_BUNDLE_IDENTIFIER = site.ukeshsaravanan.AspasTask;
				PRODUCT_NAME = "$(TARGET_NAME)";
				SWIFT_EMIT_LOC_STRINGS = YES;
				SWIFT_VERSION = 5.0;
				TARGETED_DEVICE_FAMILY = "1,2";
			};
			name = Release;
		};
/* End XCBuildConfiguration section */

/* Begin XCConfigurationList section */
		6FD80AFA2A14EE6600C50510 /* Build configuration list for PBXProject "AspasTask" */ = {
			isa = XCConfigurationList;
			buildConfigurations = (
				6FD80B102A14EE6700C50510 /* Debug */,
				6FD80B112A14EE6700C50510 /* Release */,
			);
			defaultConfigurationIsVisible = 0;
			defaultConfigurationName = Release;
		};
		6FD80B122A14EE6700C50510 /* Build configuration list for PBXNativeTarget "AspasTask" */ = {
			isa = XCConfigurationList;
			buildConfigurations = (
				6FD80B132A14EE6700C50510 /* Debug */,
				6FD80B142A14EE6700C50510 /* Release */,
			);
			defaultConfigurationIsVisible = 0;
			defaultConfigurationName = Release;
		};
/* End XCConfigurationList section */

/* Begin XCVersionGroup section */
		6FD80B362A162A8900C50510 /* UserData.xcdatamodeld */ = {
			isa = XCVersionGroup;
			children = (
				6FD80B372A162A8900C50510 /* UserData.xcdatamodel */,
			);
			currentVersion = 6FD80B372A162A8900C50510 /* UserData.xcdatamodel */;
			path = UserData.xcdatamodeld;
			sourceTree = "<group>";
			versionGroupType = wrapper.xcdatamodel;
		};
/* End XCVersionGroup section */
	};
	rootObject = 6FD80AF72A14EE6600C50510 /* Project object */;
}
